// !$*UTF8*$!
{
	archiveVersion = 1;
	classes = {
	};
	objectVersion = 46;
	objects = {

/* Begin PBXBuildFile section */
		8E99B31218305B9F00C7AEDB /* Foundation.framework in Frameworks */ = {isa = PBXBuildFile; fileRef = 8E99B31118305B9F00C7AEDB /* Foundation.framework */; };
		8E99B31418305B9F00C7AEDB /* CoreGraphics.framework in Frameworks */ = {isa = PBXBuildFile; fileRef = 8E99B31318305B9F00C7AEDB /* CoreGraphics.framework */; };
		8E99B31618305B9F00C7AEDB /* UIKit.framework in Frameworks */ = {isa = PBXBuildFile; fileRef = 8E99B31518305B9F00C7AEDB /* UIKit.framework */; };
		8E99B31C18305B9F00C7AEDB /* InfoPlist.strings in Resources */ = {isa = PBXBuildFile; fileRef = 8E99B31A18305B9F00C7AEDB /* InfoPlist.strings */; };
		8E99B31E18305B9F00C7AEDB /* main.m in Sources */ = {isa = PBXBuildFile; fileRef = 8E99B31D18305B9F00C7AEDB /* main.m */; };
		8E99B32218305B9F00C7AEDB /* ORAppDelegate.m in Sources */ = {isa = PBXBuildFile; fileRef = 8E99B32118305B9F00C7AEDB /* ORAppDelegate.m */; };
		8E99B32518305B9F00C7AEDB /* Main.storyboard in Resources */ = {isa = PBXBuildFile; fileRef = 8E99B32318305B9F00C7AEDB /* Main.storyboard */; };
		8E99B32818305B9F00C7AEDB /* ORViewController.m in Sources */ = {isa = PBXBuildFile; fileRef = 8E99B32718305B9F00C7AEDB /* ORViewController.m */; };
		8E99B32A18305B9F00C7AEDB /* Images.xcassets in Resources */ = {isa = PBXBuildFile; fileRef = 8E99B32918305B9F00C7AEDB /* Images.xcassets */; };
		8E99B33118305B9F00C7AEDB /* XCTest.framework in Frameworks */ = {isa = PBXBuildFile; fileRef = 8E99B33018305B9F00C7AEDB /* XCTest.framework */; };
		8E99B33218305B9F00C7AEDB /* Foundation.framework in Frameworks */ = {isa = PBXBuildFile; fileRef = 8E99B31118305B9F00C7AEDB /* Foundation.framework */; };
		8E99B33318305B9F00C7AEDB /* UIKit.framework in Frameworks */ = {isa = PBXBuildFile; fileRef = 8E99B31518305B9F00C7AEDB /* UIKit.framework */; };
		8E99B33B18305B9F00C7AEDB /* InfoPlist.strings in Resources */ = {isa = PBXBuildFile; fileRef = 8E99B33918305B9F00C7AEDB /* InfoPlist.strings */; };
		8E99B33D18305B9F00C7AEDB /* OutReachTests.m in Sources */ = {isa = PBXBuildFile; fileRef = 8E99B33C18305B9F00C7AEDB /* OutReachTests.m */; };
		8E99B34718305D3900C7AEDB /* Parse.framework in Frameworks */ = {isa = PBXBuildFile; fileRef = 8E99B34618305D3900C7AEDB /* Parse.framework */; };
		8E99B35118305DC000C7AEDB /* AudioToolbox.framework in Frameworks */ = {isa = PBXBuildFile; fileRef = 8E99B34818305DC000C7AEDB /* AudioToolbox.framework */; };
		8E99B35218305DC000C7AEDB /* CFNetwork.framework in Frameworks */ = {isa = PBXBuildFile; fileRef = 8E99B34918305DC000C7AEDB /* CFNetwork.framework */; };
		8E99B35318305DC000C7AEDB /* CoreLocation.framework in Frameworks */ = {isa = PBXBuildFile; fileRef = 8E99B34A18305DC000C7AEDB /* CoreLocation.framework */; };
		8E99B35418305DC000C7AEDB /* libz.1.1.3.dylib in Frameworks */ = {isa = PBXBuildFile; fileRef = 8E99B34B18305DC000C7AEDB /* libz.1.1.3.dylib */; };
		8E99B35518305DC000C7AEDB /* MobileCoreServices.framework in Frameworks */ = {isa = PBXBuildFile; fileRef = 8E99B34C18305DC000C7AEDB /* MobileCoreServices.framework */; };
		8E99B35618305DC000C7AEDB /* QuartzCore.framework in Frameworks */ = {isa = PBXBuildFile; fileRef = 8E99B34D18305DC000C7AEDB /* QuartzCore.framework */; };
		8E99B35718305DC000C7AEDB /* Security.framework in Frameworks */ = {isa = PBXBuildFile; fileRef = 8E99B34E18305DC000C7AEDB /* Security.framework */; };
		8E99B35818305DC000C7AEDB /* StoreKit.framework in Frameworks */ = {isa = PBXBuildFile; fileRef = 8E99B34F18305DC000C7AEDB /* StoreKit.framework */; };
		8E99B35918305DC000C7AEDB /* SystemConfiguration.framework in Frameworks */ = {isa = PBXBuildFile; fileRef = 8E99B35018305DC000C7AEDB /* SystemConfiguration.framework */; };
/* End PBXBuildFile section */

/* Begin PBXContainerItemProxy section */
		8E99B33418305B9F00C7AEDB /* PBXContainerItemProxy */ = {
			isa = PBXContainerItemProxy;
			containerPortal = 8E99B30618305B9F00C7AEDB /* Project object */;
			proxyType = 1;
			remoteGlobalIDString = 8E99B30D18305B9F00C7AEDB;
			remoteInfo = OutReach;
		};
/* End PBXContainerItemProxy section */

/* Begin PBXFileReference section */
		8E99B30E18305B9F00C7AEDB /* OutReach.app */ = {isa = PBXFileReference; explicitFileType = wrapper.application; includeInIndex = 0; path = OutReach.app; sourceTree = BUILT_PRODUCTS_DIR; };
		8E99B31118305B9F00C7AEDB /* Foundation.framework */ = {isa = PBXFileReference; lastKnownFileType = wrapper.framework; name = Foundation.framework; path = System/Library/Frameworks/Foundation.framework; sourceTree = SDKROOT; };
		8E99B31318305B9F00C7AEDB /* CoreGraphics.framework */ = {isa = PBXFileReference; lastKnownFileType = wrapper.framework; name = CoreGraphics.framework; path = System/Library/Frameworks/CoreGraphics.framework; sourceTree = SDKROOT; };
		8E99B31518305B9F00C7AEDB /* UIKit.framework */ = {isa = PBXFileReference; lastKnownFileType = wrapper.framework; name = UIKit.framework; path = System/Library/Frameworks/UIKit.framework; sourceTree = SDKROOT; };
		8E99B31918305B9F00C7AEDB /* OutReach-Info.plist */ = {isa = PBXFileReference; lastKnownFileType = text.plist.xml; path = "OutReach-Info.plist"; sourceTree = "<group>"; };
		8E99B31B18305B9F00C7AEDB /* en */ = {isa = PBXFileReference; lastKnownFileType = text.plist.strings; name = en; path = en.lproj/InfoPlist.strings; sourceTree = "<group>"; };
		8E99B31D18305B9F00C7AEDB /* main.m */ = {isa = PBXFileReference; lastKnownFileType = sourcecode.c.objc; path = main.m; sourceTree = "<group>"; };
		8E99B31F18305B9F00C7AEDB /* OutReach-Prefix.pch */ = {isa = PBXFileReference; lastKnownFileType = sourcecode.c.h; path = "OutReach-Prefix.pch"; sourceTree = "<group>"; };
		8E99B32018305B9F00C7AEDB /* ORAppDelegate.h */ = {isa = PBXFileReference; lastKnownFileType = sourcecode.c.h; path = ORAppDelegate.h; sourceTree = "<group>"; };
		8E99B32118305B9F00C7AEDB /* ORAppDelegate.m */ = {isa = PBXFileReference; lastKnownFileType = sourcecode.c.objc; path = ORAppDelegate.m; sourceTree = "<group>"; };
		8E99B32418305B9F00C7AEDB /* Base */ = {isa = PBXFileReference; lastKnownFileType = file.storyboard; name = Base; path = Base.lproj/Main.storyboard; sourceTree = "<group>"; };
		8E99B32618305B9F00C7AEDB /* ORViewController.h */ = {isa = PBXFileReference; lastKnownFileType = sourcecode.c.h; path = ORViewController.h; sourceTree = "<group>"; };
		8E99B32718305B9F00C7AEDB /* ORViewController.m */ = {isa = PBXFileReference; lastKnownFileType = sourcecode.c.objc; path = ORViewController.m; sourceTree = "<group>"; };
		8E99B32918305B9F00C7AEDB /* Images.xcassets */ = {isa = PBXFileReference; lastKnownFileType = folder.assetcatalog; path = Images.xcassets; sourceTree = "<group>"; };
		8E99B32F18305B9F00C7AEDB /* OutReachTests.xctest */ = {isa = PBXFileReference; explicitFileType = wrapper.cfbundle; includeInIndex = 0; path = OutReachTests.xctest; sourceTree = BUILT_PRODUCTS_DIR; };
		8E99B33018305B9F00C7AEDB /* XCTest.framework */ = {isa = PBXFileReference; lastKnownFileType = wrapper.framework; name = XCTest.framework; path = Library/Frameworks/XCTest.framework; sourceTree = DEVELOPER_DIR; };
		8E99B33818305B9F00C7AEDB /* OutReachTests-Info.plist */ = {isa = PBXFileReference; lastKnownFileType = text.plist.xml; path = "OutReachTests-Info.plist"; sourceTree = "<group>"; };
		8E99B33A18305B9F00C7AEDB /* en */ = {isa = PBXFileReference; lastKnownFileType = text.plist.strings; name = en; path = en.lproj/InfoPlist.strings; sourceTree = "<group>"; };
		8E99B33C18305B9F00C7AEDB /* OutReachTests.m */ = {isa = PBXFileReference; lastKnownFileType = sourcecode.c.objc; path = OutReachTests.m; sourceTree = "<group>"; };
		8E99B34618305D3900C7AEDB /* Parse.framework */ = {isa = PBXFileReference; lastKnownFileType = wrapper.framework; path = Parse.framework; sourceTree = "<group>"; };
		8E99B34818305DC000C7AEDB /* AudioToolbox.framework */ = {isa = PBXFileReference; lastKnownFileType = wrapper.framework; name = AudioToolbox.framework; path = System/Library/Frameworks/AudioToolbox.framework; sourceTree = SDKROOT; };
		8E99B34918305DC000C7AEDB /* CFNetwork.framework */ = {isa = PBXFileReference; lastKnownFileType = wrapper.framework; name = CFNetwork.framework; path = System/Library/Frameworks/CFNetwork.framework; sourceTree = SDKROOT; };
		8E99B34A18305DC000C7AEDB /* CoreLocation.framework */ = {isa = PBXFileReference; lastKnownFileType = wrapper.framework; name = CoreLocation.framework; path = System/Library/Frameworks/CoreLocation.framework; sourceTree = SDKROOT; };
		8E99B34B18305DC000C7AEDB /* libz.1.1.3.dylib */ = {isa = PBXFileReference; lastKnownFileType = "compiled.mach-o.dylib"; name = libz.1.1.3.dylib; path = usr/lib/libz.1.1.3.dylib; sourceTree = SDKROOT; };
		8E99B34C18305DC000C7AEDB /* MobileCoreServices.framework */ = {isa = PBXFileReference; lastKnownFileType = wrapper.framework; name = MobileCoreServices.framework; path = System/Library/Frameworks/MobileCoreServices.framework; sourceTree = SDKROOT; };
		8E99B34D18305DC000C7AEDB /* QuartzCore.framework */ = {isa = PBXFileReference; lastKnownFileType = wrapper.framework; name = QuartzCore.framework; path = System/Library/Frameworks/QuartzCore.framework; sourceTree = SDKROOT; };
		8E99B34E18305DC000C7AEDB /* Security.framework */ = {isa = PBXFileReference; lastKnownFileType = wrapper.framework; name = Security.framework; path = System/Library/Frameworks/Security.framework; sourceTree = SDKROOT; };
		8E99B34F18305DC000C7AEDB /* StoreKit.framework */ = {isa = PBXFileReference; lastKnownFileType = wrapper.framework; name = StoreKit.framework; path = System/Library/Frameworks/StoreKit.framework; sourceTree = SDKROOT; };
		8E99B35018305DC000C7AEDB /* SystemConfiguration.framework */ = {isa = PBXFileReference; lastKnownFileType = wrapper.framework; name = SystemConfiguration.framework; path = System/Library/Frameworks/SystemConfiguration.framework; sourceTree = SDKROOT; };
/* End PBXFileReference section */

/* Begin PBXFrameworksBuildPhase section */
		8E99B30B18305B9F00C7AEDB /* Frameworks */ = {
			isa = PBXFrameworksBuildPhase;
			buildActionMask = 2147483647;
			files = (
				8E99B35118305DC000C7AEDB /* AudioToolbox.framework in Frameworks */,
				8E99B35218305DC000C7AEDB /* CFNetwork.framework in Frameworks */,
				8E99B35318305DC000C7AEDB /* CoreLocation.framework in Frameworks */,
				8E99B35418305DC000C7AEDB /* libz.1.1.3.dylib in Frameworks */,
				8E99B35518305DC000C7AEDB /* MobileCoreServices.framework in Frameworks */,
				8E99B35618305DC000C7AEDB /* QuartzCore.framework in Frameworks */,
				8E99B35718305DC000C7AEDB /* Security.framework in Frameworks */,
				8E99B35818305DC000C7AEDB /* StoreKit.framework in Frameworks */,
				8E99B35918305DC000C7AEDB /* SystemConfiguration.framework in Frameworks */,
				8E99B31418305B9F00C7AEDB /* CoreGraphics.framework in Frameworks */,
				8E99B31618305B9F00C7AEDB /* UIKit.framework in Frameworks */,
				8E99B34718305D3900C7AEDB /* Parse.framework in Frameworks */,
				8E99B31218305B9F00C7AEDB /* Foundation.framework in Frameworks */,
			);
			runOnlyForDeploymentPostprocessing = 0;
		};
		8E99B32C18305B9F00C7AEDB /* Frameworks */ = {
			isa = PBXFrameworksBuildPhase;
			buildActionMask = 2147483647;
			files = (
				8E99B33118305B9F00C7AEDB /* XCTest.framework in Frameworks */,
				8E99B33318305B9F00C7AEDB /* UIKit.framework in Frameworks */,
				8E99B33218305B9F00C7AEDB /* Foundation.framework in Frameworks */,
			);
			runOnlyForDeploymentPostprocessing = 0;
		};
/* End PBXFrameworksBuildPhase section */

/* Begin PBXGroup section */
		8E99B30518305B9F00C7AEDB = {
			isa = PBXGroup;
			children = (
				8E99B31718305B9F00C7AEDB /* OutReach */,
				8E99B33618305B9F00C7AEDB /* OutReachTests */,
				8E99B31018305B9F00C7AEDB /* Frameworks */,
				8E99B30F18305B9F00C7AEDB /* Products */,
			);
			sourceTree = "<group>";
		};
		8E99B30F18305B9F00C7AEDB /* Products */ = {
			isa = PBXGroup;
			children = (
				8E99B30E18305B9F00C7AEDB /* OutReach.app */,
				8E99B32F18305B9F00C7AEDB /* OutReachTests.xctest */,
			);
			name = Products;
			sourceTree = "<group>";
		};
		8E99B31018305B9F00C7AEDB /* Frameworks */ = {
			isa = PBXGroup;
			children = (
				8E99B34818305DC000C7AEDB /* AudioToolbox.framework */,
				8E99B34918305DC000C7AEDB /* CFNetwork.framework */,
				8E99B34A18305DC000C7AEDB /* CoreLocation.framework */,
				8E99B34B18305DC000C7AEDB /* libz.1.1.3.dylib */,
				8E99B34C18305DC000C7AEDB /* MobileCoreServices.framework */,
				8E99B34D18305DC000C7AEDB /* QuartzCore.framework */,
				8E99B34E18305DC000C7AEDB /* Security.framework */,
				8E99B34F18305DC000C7AEDB /* StoreKit.framework */,
				8E99B35018305DC000C7AEDB /* SystemConfiguration.framework */,
				8E99B34618305D3900C7AEDB /* Parse.framework */,
				8E99B31118305B9F00C7AEDB /* Foundation.framework */,
				8E99B31318305B9F00C7AEDB /* CoreGraphics.framework */,
				8E99B31518305B9F00C7AEDB /* UIKit.framework */,
				8E99B33018305B9F00C7AEDB /* XCTest.framework */,
			);
			name = Frameworks;
			sourceTree = "<group>";
		};
		8E99B31718305B9F00C7AEDB /* OutReach */ = {
			isa = PBXGroup;
			children = (
				8E99B32018305B9F00C7AEDB /* ORAppDelegate.h */,
				8E99B32118305B9F00C7AEDB /* ORAppDelegate.m */,
				8E99B32318305B9F00C7AEDB /* Main.storyboard */,
				8E99B32618305B9F00C7AEDB /* ORViewController.h */,
				8E99B32718305B9F00C7AEDB /* ORViewController.m */,
				8E99B32918305B9F00C7AEDB /* Images.xcassets */,
				8E99B31818305B9F00C7AEDB /* Supporting Files */,
			);
			path = OutReach;
			sourceTree = "<group>";
		};
		8E99B31818305B9F00C7AEDB /* Supporting Files */ = {
			isa = PBXGroup;
			children = (
				8E99B31918305B9F00C7AEDB /* OutReach-Info.plist */,
				8E99B31A18305B9F00C7AEDB /* InfoPlist.strings */,
				8E99B31D18305B9F00C7AEDB /* main.m */,
				8E99B31F18305B9F00C7AEDB /* OutReach-Prefix.pch */,
			);
			name = "Supporting Files";
			sourceTree = "<group>";
		};
		8E99B33618305B9F00C7AEDB /* OutReachTests */ = {
			isa = PBXGroup;
			children = (
				8E99B33C18305B9F00C7AEDB /* OutReachTests.m */,
				8E99B33718305B9F00C7AEDB /* Supporting Files */,
			);
			path = OutReachTests;
			sourceTree = "<group>";
		};
		8E99B33718305B9F00C7AEDB /* Supporting Files */ = {
			isa = PBXGroup;
			children = (
				8E99B33818305B9F00C7AEDB /* OutReachTests-Info.plist */,
				8E99B33918305B9F00C7AEDB /* InfoPlist.strings */,
			);
			name = "Supporting Files";
			sourceTree = "<group>";
		};
/* End PBXGroup section */

/* Begin PBXNativeTarget section */
		8E99B30D18305B9F00C7AEDB /* OutReach */ = {
			isa = PBXNativeTarget;
			buildConfigurationList = 8E99B34018305B9F00C7AEDB /* Build configuration list for PBXNativeTarget "OutReach" */;
			buildPhases = (
				8E99B30A18305B9F00C7AEDB /* Sources */,
				8E99B30B18305B9F00C7AEDB /* Frameworks */,
				8E99B30C18305B9F00C7AEDB /* Resources */,
			);
			buildRules = (
			);
			dependencies = (
			);
			name = OutReach;
			productName = OutReach;
			productReference = 8E99B30E18305B9F00C7AEDB /* OutReach.app */;
			productType = "com.apple.product-type.application";
		};
		8E99B32E18305B9F00C7AEDB /* OutReachTests */ = {
			isa = PBXNativeTarget;
			buildConfigurationList = 8E99B34318305B9F00C7AEDB /* Build configuration list for PBXNativeTarget "OutReachTests" */;
			buildPhases = (
				8E99B32B18305B9F00C7AEDB /* Sources */,
				8E99B32C18305B9F00C7AEDB /* Frameworks */,
				8E99B32D18305B9F00C7AEDB /* Resources */,
			);
			buildRules = (
			);
			dependencies = (
				8E99B33518305B9F00C7AEDB /* PBXTargetDependency */,
			);
			name = OutReachTests;
			productName = OutReachTests;
			productReference = 8E99B32F18305B9F00C7AEDB /* OutReachTests.xctest */;
			productType = "com.apple.product-type.bundle.unit-test";
		};
/* End PBXNativeTarget section */

/* Begin PBXProject section */
		8E99B30618305B9F00C7AEDB /* Project object */ = {
			isa = PBXProject;
			attributes = {
				CLASSPREFIX = OR;
				LastUpgradeCheck = 0500;
				ORGANIZATIONNAME = "Pure Virtual Studios";
				TargetAttributes = {
					8E99B32E18305B9F00C7AEDB = {
						TestTargetID = 8E99B30D18305B9F00C7AEDB;
					};
				};
			};
			buildConfigurationList = 8E99B30918305B9F00C7AEDB /* Build configuration list for PBXProject "OutReach" */;
			compatibilityVersion = "Xcode 3.2";
			developmentRegion = English;
			hasScannedForEncodings = 0;
			knownRegions = (
				en,
				Base,
			);
			mainGroup = 8E99B30518305B9F00C7AEDB;
			productRefGroup = 8E99B30F18305B9F00C7AEDB /* Products */;
			projectDirPath = "";
			projectRoot = "";
			targets = (
				8E99B30D18305B9F00C7AEDB /* OutReach */,
				8E99B32E18305B9F00C7AEDB /* OutReachTests */,
			);
		};
/* End PBXProject section */

/* Begin PBXResourcesBuildPhase section */
		8E99B30C18305B9F00C7AEDB /* Resources */ = {
			isa = PBXResourcesBuildPhase;
			buildActionMask = 2147483647;
			files = (
				8E99B32A18305B9F00C7AEDB /* Images.xcassets in Resources */,
				8E99B31C18305B9F00C7AEDB /* InfoPlist.strings in Resources */,
				8E99B32518305B9F00C7AEDB /* Main.storyboard in Resources */,
			);
			runOnlyForDeploymentPostprocessing = 0;
		};
		8E99B32D18305B9F00C7AEDB /* Resources */ = {
			isa = PBXResourcesBuildPhase;
			buildActionMask = 2147483647;
			files = (
				8E99B33B18305B9F00C7AEDB /* InfoPlist.strings in Resources */,
			);
			runOnlyForDeploymentPostprocessing = 0;
		};
/* End PBXResourcesBuildPhase section */

/* Begin PBXSourcesBuildPhase section */
		8E99B30A18305B9F00C7AEDB /* Sources */ = {
			isa = PBXSourcesBuildPhase;
			buildActionMask = 2147483647;
			files = (
				8E99B31E18305B9F00C7AEDB /* main.m in Sources */,
				8E99B32218305B9F00C7AEDB /* ORAppDelegate.m in Sources */,
				8E99B32818305B9F00C7AEDB /* ORViewController.m in Sources */,
			);
			runOnlyForDeploymentPostprocessing = 0;
		};
		8E99B32B18305B9F00C7AEDB /* Sources */ = {
			isa = PBXSourcesBuildPhase;
			buildActionMask = 2147483647;
			files = (
				8E99B33D18305B9F00C7AEDB /* OutReachTests.m in Sources */,
			);
			runOnlyForDeploymentPostprocessing = 0;
		};
/* End PBXSourcesBuildPhase section */

/* Begin PBXTargetDependency section */
		8E99B33518305B9F00C7AEDB /* PBXTargetDependency */ = {
			isa = PBXTargetDependency;
			target = 8E99B30D18305B9F00C7AEDB /* OutReach */;
			targetProxy = 8E99B33418305B9F00C7AEDB /* PBXContainerItemProxy */;
		};
/* End PBXTargetDependency section */

/* Begin PBXVariantGroup section */
		8E99B31A18305B9F00C7AEDB /* InfoPlist.strings */ = {
			isa = PBXVariantGroup;
			children = (
				8E99B31B18305B9F00C7AEDB /* en */,
			);
			name = InfoPlist.strings;
			sourceTree = "<group>";
		};
		8E99B32318305B9F00C7AEDB /* Main.storyboard */ = {
			isa = PBXVariantGroup;
			children = (
				8E99B32418305B9F00C7AEDB /* Base */,
			);
			name = Main.storyboard;
			sourceTree = "<group>";
		};
		8E99B33918305B9F00C7AEDB /* InfoPlist.strings */ = {
			isa = PBXVariantGroup;
			children = (
				8E99B33A18305B9F00C7AEDB /* en */,
			);
			name = InfoPlist.strings;
			sourceTree = "<group>";
		};
/* End PBXVariantGroup section */

/* Begin XCBuildConfiguration section */
		8E99B33E18305B9F00C7AEDB /* Debug */ = {
			isa = XCBuildConfiguration;
			buildSettings = {
				ALWAYS_SEARCH_USER_PATHS = NO;
				ARCHS = "$(ARCHS_STANDARD_INCLUDING_64_BIT)";
				CLANG_CXX_LANGUAGE_STANDARD = "gnu++0x";
				CLANG_CXX_LIBRARY = "libc++";
				CLANG_ENABLE_MODULES = YES;
				CLANG_ENABLE_OBJC_ARC = YES;
				CLANG_WARN_BOOL_CONVERSION = YES;
				CLANG_WARN_CONSTANT_CONVERSION = YES;
				CLANG_WARN_DIRECT_OBJC_ISA_USAGE = YES_ERROR;
				CLANG_WARN_EMPTY_BODY = YES;
				CLANG_WARN_ENUM_CONVERSION = YES;
				CLANG_WARN_INT_CONVERSION = YES;
				CLANG_WARN_OBJC_ROOT_CLASS = YES_ERROR;
				CLANG_WARN__DUPLICATE_METHOD_MATCH = YES;
				"CODE_SIGN_IDENTITY[sdk=iphoneos*]" = "iPhone Developer";
				COPY_PHASE_STRIP = NO;
				GCC_C_LANGUAGE_STANDARD = gnu99;
				GCC_DYNAMIC_NO_PIC = NO;
				GCC_OPTIMIZATION_LEVEL = 0;
				GCC_PREPROCESSOR_DEFINITIONS = (
					"DEBUG=1",
					"$(inherited)",
				);
				GCC_SYMBOLS_PRIVATE_EXTERN = NO;
				GCC_WARN_64_TO_32_BIT_CONVERSION = YES;
				GCC_WARN_ABOUT_RETURN_TYPE = YES_ERROR;
				GCC_WARN_UNDECLARED_SELECTOR = YES;
				GCC_WARN_UNINITIALIZED_AUTOS = YES;
				GCC_WARN_UNUSED_FUNCTION = YES;
				GCC_WARN_UNUSED_VARIABLE = YES;
				IPHONEOS_DEPLOYMENT_TARGET = 7.0;
				ONLY_ACTIVE_ARCH = YES;
				SDKROOT = iphoneos;
			};
			name = Debug;
		};
		8E99B33F18305B9F00C7AEDB /* Release */ = {
			isa = XCBuildConfiguration;
			buildSettings = {
				ALWAYS_SEARCH_USER_PATHS = NO;
				ARCHS = "$(ARCHS_STANDARD_INCLUDING_64_BIT)";
				CLANG_CXX_LANGUAGE_STANDARD = "gnu++0x";
				CLANG_CXX_LIBRARY = "libc++";
				CLANG_ENABLE_MODULES = YES;
				CLANG_ENABLE_OBJC_ARC = YES;
				CLANG_WARN_BOOL_CONVERSION = YES;
				CLANG_WARN_CONSTANT_CONVERSION = YES;
				CLANG_WARN_DIRECT_OBJC_ISA_USAGE = YES_ERROR;
				CLANG_WARN_EMPTY_BODY = YES;
				CLANG_WARN_ENUM_CONVERSION = YES;
				CLANG_WARN_INT_CONVERSION = YES;
				CLANG_WARN_OBJC_ROOT_CLASS = YES_ERROR;
				CLANG_WARN__DUPLICATE_METHOD_MATCH = YES;
				"CODE_SIGN_IDENTITY[sdk=iphoneos*]" = "iPhone Developer";
				COPY_PHASE_STRIP = YES;
				ENABLE_NS_ASSERTIONS = NO;
				GCC_C_LANGUAGE_STANDARD = gnu99;
				GCC_WARN_64_TO_32_BIT_CONVERSION = YES;
				GCC_WARN_ABOUT_RETURN_TYPE = YES_ERROR;
				GCC_WARN_UNDECLARED_SELECTOR = YES;
				GCC_WARN_UNINITIALIZED_AUTOS = YES;
				GCC_WARN_UNUSED_FUNCTION = YES;
				GCC_WARN_UNUSED_VARIABLE = YES;
				IPHONEOS_DEPLOYMENT_TARGET = 7.0;
				SDKROOT = iphoneos;
				VALIDATE_PRODUCT = YES;
			};
			name = Release;
		};
		8E99B34118305B9F00C7AEDB /* Debug */ = {
			isa = XCBuildConfiguration;
			buildSettings = {
				ASSETCATALOG_COMPILER_APPICON_NAME = AppIcon;
				ASSETCATALOG_COMPILER_LAUNCHIMAGE_NAME = LaunchImage;
				FRAMEWORK_SEARCH_PATHS = (
					"$(inherited)",
					/Users/gregoryklein/Projects/OutReach,
				);
				GCC_PRECOMPILE_PREFIX_HEADER = YES;
				GCC_PREFIX_HEADER = "OutReach/OutReach-Prefix.pch";
				INFOPLIST_FILE = "OutReach/OutReach-Info.plist";
				PRODUCT_NAME = "$(TARGET_NAME)";
				WRAPPER_EXTENSION = app;
			};
			name = Debug;
		};
		8E99B34218305B9F00C7AEDB /* Release */ = {
			isa = XCBuildConfiguration;
			buildSettings = {
				ASSETCATALOG_COMPILER_APPICON_NAME = AppIcon;
				ASSETCATALOG_COMPILER_LAUNCHIMAGE_NAME = LaunchImage;
				FRAMEWORK_SEARCH_PATHS = (
					"$(inherited)",
					/Users/gregoryklein/Projects/OutReach,
				);
				GCC_PRECOMPILE_PREFIX_HEADER = YES;
				GCC_PREFIX_HEADER = "OutReach/OutReach-Prefix.pch";
				INFOPLIST_FILE = "OutReach/OutReach-Info.plist";
				PRODUCT_NAME = "$(TARGET_NAME)";
				WRAPPER_EXTENSION = app;
			};
			name = Release;
		};
		8E99B34418305B9F00C7AEDB /* Debug */ = {
			isa = XCBuildConfiguration;
			buildSettings = {
				ARCHS = "$(ARCHS_STANDARD_INCLUDING_64_BIT)";
				BUNDLE_LOADER = "$(BUILT_PRODUCTS_DIR)/OutReach.app/OutReach";
				FRAMEWORK_SEARCH_PATHS = (
					"$(SDKROOT)/Developer/Library/Frameworks",
					"$(inherited)",
					"$(DEVELOPER_FRAMEWORKS_DIR)",
				);
				GCC_PRECOMPILE_PREFIX_HEADER = YES;
				GCC_PREFIX_HEADER = "OutReach/OutReach-Prefix.pch";
				GCC_PREPROCESSOR_DEFINITIONS = (
					"DEBUG=1",
					"$(inherited)",
				);
				INFOPLIST_FILE = "OutReachTests/OutReachTests-Info.plist";
				PRODUCT_NAME = "$(TARGET_NAME)";
				TEST_HOST = "$(BUNDLE_LOADER)";
				WRAPPER_EXTENSION = xctest;
			};
			name = Debug;
		};
		8E99B34518305B9F00C7AEDB /* Release */ = {
			isa = XCBuildConfiguration;
			buildSettings = {
				ARCHS = "$(ARCHS_STANDARD_INCLUDING_64_BIT)";
				BUNDLE_LOADER = "$(BUILT_PRODUCTS_DIR)/OutReach.app/OutReach";
				FRAMEWORK_SEARCH_PATHS = (
					"$(SDKROOT)/Developer/Library/Frameworks",
					"$(inherited)",
					"$(DEVELOPER_FRAMEWORKS_DIR)",
				);
				GCC_PRECOMPILE_PREFIX_HEADER = YES;
				GCC_PREFIX_HEADER = "OutReach/OutReach-Prefix.pch";
				INFOPLIST_FILE = "OutReachTests/OutReachTests-Info.plist";
				PRODUCT_NAME = "$(TARGET_NAME)";
				TEST_HOST = "$(BUNDLE_LOADER)";
				WRAPPER_EXTENSION = xctest;
			};
			name = Release;
		};
/* End XCBuildConfiguration section */

/* Begin XCConfigurationList section */
		8E99B30918305B9F00C7AEDB /* Build configuration list for PBXProject "OutReach" */ = {
			isa = XCConfigurationList;
			buildConfigurations = (
				8E99B33E18305B9F00C7AEDB /* Debug */,
				8E99B33F18305B9F00C7AEDB /* Release */,
			);
			defaultConfigurationIsVisible = 0;
			defaultConfigurationName = Release;
		};
		8E99B34018305B9F00C7AEDB /* Build configuration list for PBXNativeTarget "OutReach" */ = {
			isa = XCConfigurationList;
			buildConfigurations = (
				8E99B34118305B9F00C7AEDB /* Debug */,
				8E99B34218305B9F00C7AEDB /* Release */,
			);
			defaultConfigurationIsVisible = 0;
		};
		8E99B34318305B9F00C7AEDB /* Build configuration list for PBXNativeTarget "OutReachTests" */ = {
			isa = XCConfigurationList;
			buildConfigurations = (
				8E99B34418305B9F00C7AEDB /* Debug */,
				8E99B34518305B9F00C7AEDB /* Release */,
			);
			defaultConfigurationIsVisible = 0;
		};
/* End XCConfigurationList section */
	};
	rootObject = 8E99B30618305B9F00C7AEDB /* Project object */;
}
